
Microsoft Visual Studio Solution File, Format Version 12.00
# Visual Studio Version 17
VisualStudioVersion = 17.14.36603.0 d17.14
MinimumVisualStudioVersion = 10.0.40219.1
Project("{FAE04EC0-301F-11D3-BF4B-00C04F79EFBC}") = "ComputerStoreWPF", "ComputerStore\ComputerStoreWPF.csproj", "{18C60231-79DF-4978-B74D-FD22D5D6177B}"
EndProject
Project("{FAE04EC0-301F-11D3-BF4B-00C04F79EFBC}") = "ComputerLibrary", "ComputerLibrary\ComputerLibrary.csproj", "{1F05FE4D-A8A7-4C82-860C-6E5AE02718C3}"
EndProject
Project("{FAE04EC0-301F-11D3-BF4B-00C04F79EFBC}") = "ComputerStoreTest", "ComputerStoreTest\ComputerStoreTest.csproj", "{E11F3F2B-85AF-4D5A-B06D-0C077FE140CD}"
EndProject
Global
	GlobalSection(SolutionConfigurationPlatforms) = preSolution
		Debug|Any CPU = Debug|Any CPU
		Release|Any CPU = Release|Any CPU
	EndGlobalSection
	GlobalSection(ProjectConfigurationPlatforms) = postSolution
		{18C60231-79DF-4978-B74D-FD22D5D6177B}.Debug|Any CPU.ActiveCfg = Debug|Any CPU
		{18C60231-79DF-4978-B74D-FD22D5D6177B}.Debug|Any CPU.Build.0 = Debug|Any CPU
		{18C60231-79DF-4978-B74D-FD22D5D6177B}.Release|Any CPU.ActiveCfg = Release|Any CPU
		{18C60231-79DF-4978-B74D-FD22D5D6177B}.Release|Any CPU.Build.0 = Release|Any CPU
		{1F05FE4D-A8A7-4C82-860C-6E5AE02718C3}.Debug|Any CPU.ActiveCfg = Debug|Any CPU
		{1F05FE4D-A8A7-4C82-860C-6E5AE02718C3}.Debug|Any CPU.Build.0 = Debug|Any CPU
		{1F05FE4D-A8A7-4C82-860C-6E5AE02718C3}.Release|Any CPU.ActiveCfg = Release|Any CPU
		{1F05FE4D-A8A7-4C82-860C-6E5AE02718C3}.Release|Any CPU.Build.0 = Release|Any CPU
		{E11F3F2B-85AF-4D5A-B06D-0C077FE140CD}.Debug|Any CPU.ActiveCfg = Debug|Any CPU
		{E11F3F2B-85AF-4D5A-B06D-0C077FE140CD}.Debug|Any CPU.Build.0 = Debug|Any CPU
		{E11F3F2B-85AF-4D5A-B06D-0C077FE140CD}.Release|Any CPU.ActiveCfg = Release|Any CPU
		{E11F3F2B-85AF-4D5A-B06D-0C077FE140CD}.Release|Any CPU.Build.0 = Release|Any CPU
	EndGlobalSection
	GlobalSection(SolutionProperties) = preSolution
		HideSolutionNode = FALSE
	EndGlobalSection
	GlobalSection(ExtensibilityGlobals) = postSolution
		SolutionGuid = {249E8F26-D027-4D86-898C-8B1025796988}
	EndGlobalSection
EndGlobal
